# This file is @generated by PDM.
# It is not intended for manual editing.

[metadata]
groups = ["default"]
strategy = ["cross_platform"]
lock_version = "4.4"
content_hash = "sha256:441a654077964e8c8a18f07f4db5ce3bf2900280f8d5ce794acf28f07202767e"

[[package]]
name = "dawg"
version = "0.8.0"
summary = "Fast and memory efficient DAWG (DAFSA) for Python"
files = [
    {file = "DAWG-0.8.0.tar.gz", hash = "sha256:34881e06278d4a54cf0b402c0c8b587bef0caa78f0eee595adc7a2aa530e48ce"},
]

[[package]]
name = "dawg-python"
version = "0.7.2"
summary = "Pure-python reader for DAWGs (DAFSAs) created by dawgdic C++ library or DAWG Python extension."
files = [
    {file = "DAWG-Python-0.7.2.tar.gz", hash = "sha256:4a5e3286e6261cca02f205cfd5516a7ab10190fa30c51c28d345808f595e3421"},
    {file = "DAWG_Python-0.7.2-py2.py3-none-any.whl", hash = "sha256:4941d5df081b8d6fcb4597e073a9f60d5c1ccc9d17cd733e8744d7ecfec94ef3"},
]

[[package]]
name = "docopt"
version = "0.6.2"
summary = "Pythonic argument parser, that will make you smile"
files = [
    {file = "docopt-0.6.2.tar.gz", hash = "sha256:49b3a825280bd66b3aa83585ef59c4a8c82f2c8a522dbe754a8bc8d08c85c491"},
]

[[package]]
name = "pymorphy2"
version = "0.9.1"
summary = "Morphological analyzer (POS tagger + inflection engine) for Russian language."
dependencies = [
    "dawg-python>=0.7.1",
    "docopt>=0.6",
    "pymorphy2-dicts-ru<3.0,>=2.4",
]
files = [
    {file = "pymorphy2-0.9.1-py3-none-any.whl", hash = "sha256:a5224ec153cd6920a33961ae636793ad5185143bc8045b3f9a9f8bd62ecacf68"},
    {file = "pymorphy2-0.9.1.tar.gz", hash = "sha256:86c447157dee2eb2341efbe4538e1281a754756ba1aa32da77a89614c58b560c"},
]

[[package]]
name = "pymorphy2-dicts-ru"
version = "2.4.417127.4579844"
summary = "Russian dictionaries for pymorphy2"
files = [
    {file = "pymorphy2-dicts-ru-2.4.417127.4579844.tar.gz", hash = "sha256:78cad03adca605021abd387a3b2eb515c851b86e94682a1ef2354a2c74fcc196"},
    {file = "pymorphy2_dicts_ru-2.4.417127.4579844-py2.py3-none-any.whl", hash = "sha256:9a322a6ee78fd4a5dceead0545c24b9a91687ad5df95cbac1b36f6c36cbb498a"},
]
